{
  "name": "Incorporacio_PI",
  "lockfileVersion": 3,
  "requires": true,
  "packages": {
    "": {
      "dependencies": {
        "vue3-recaptcha2": "^1.8.0"
      }
    },
    "node_modules/vue3-recaptcha2": {
      "version": "1.8.0",
      "resolved": "https://registry.npmjs.org/vue3-recaptcha2/-/vue3-recaptcha2-1.8.0.tgz",
      "integrity": "sha512-lICGpLGv9wsdVjgWZ0usbZ+Ki52YX5kOzjt8l/ADun9GxdjJ5/AkGpxE7dZ+mG3VcE4ASZG2B/nYWB4wWFadvQ==",
      "license": "ISC"
    }
  }
}
